
Microsoft Visual Studio Solution File, Format Version 12.00
# Visual Studio Version 17
VisualStudioVersion = 17.6.33829.357
MinimumVisualStudioVersion = 10.0.40219.1
Project("{FAE04EC0-301F-11D3-BF4B-00C04F79EFBC}") = "API", "API\API.csproj", "{4B5A80C7-CF98-4FEC-BA47-E1528D5138BA}"
EndProject
Project("{FAE04EC0-301F-11D3-BF4B-00C04F79EFBC}") = "AWSS3", "AWSS3\AWSS3.csproj", "{9321B93E-39C6-4D1E-AE55-A29C6E4BC935}"
EndProject
Global
	GlobalSection(SolutionConfigurationPlatforms) = preSolution
		Debug|Any CPU = Debug|Any CPU
		Release|Any CPU = Release|Any CPU
	EndGlobalSection
	GlobalSection(ProjectConfigurationPlatforms) = postSolution
		{4B5A80C7-CF98-4FEC-BA47-E1528D5138BA}.Debug|Any CPU.ActiveCfg = Debug|Any CPU
		{4B5A80C7-CF98-4FEC-BA47-E1528D5138BA}.Debug|Any CPU.Build.0 = Debug|Any CPU
		{4B5A80C7-CF98-4FEC-BA47-E1528D5138BA}.Release|Any CPU.ActiveCfg = Release|Any CPU
		{4B5A80C7-CF98-4FEC-BA47-E1528D5138BA}.Release|Any CPU.Build.0 = Release|Any CPU
		{9321B93E-39C6-4D1E-AE55-A29C6E4BC935}.Debug|Any CPU.ActiveCfg = Debug|Any CPU
		{9321B93E-39C6-4D1E-AE55-A29C6E4BC935}.Debug|Any CPU.Build.0 = Debug|Any CPU
		{9321B93E-39C6-4D1E-AE55-A29C6E4BC935}.Release|Any CPU.ActiveCfg = Release|Any CPU
		{9321B93E-39C6-4D1E-AE55-A29C6E4BC935}.Release|Any CPU.Build.0 = Release|Any CPU
	EndGlobalSection
	GlobalSection(SolutionProperties) = preSolution
		HideSolutionNode = FALSE
	EndGlobalSection
	GlobalSection(ExtensibilityGlobals) = postSolution
		SolutionGuid = {9A9C8331-8FB3-4E76-8A59-8279DAE7E61C}
	EndGlobalSection
EndGlobal
